
Microsoft Visual Studio Solution File, Format Version 12.00
# Visual Studio Version 17
VisualStudioVersion = 17.3.32804.467
MinimumVisualStudioVersion = 10.0.40219.1
Project("{FAE04EC0-301F-11D3-BF4B-00C04F79EFBC}") = "Election-Graph-And-Statistics-With-SQL-DB", "Election-Graph-And-Statistics-With-SQL-DB\Election-Graph-And-Statistics-With-SQL-DB.csproj", "{B8A72F8D-C67B-4661-A778-DBC359FB44FC}"
EndProject
Global
	GlobalSection(SolutionConfigurationPlatforms) = preSolution
		Debug|Any CPU = Debug|Any CPU
		Release|Any CPU = Release|Any CPU
	EndGlobalSection
	GlobalSection(ProjectConfigurationPlatforms) = postSolution
		{B8A72F8D-C67B-4661-A778-DBC359FB44FC}.Debug|Any CPU.ActiveCfg = Debug|Any CPU
		{B8A72F8D-C67B-4661-A778-DBC359FB44FC}.Debug|Any CPU.Build.0 = Debug|Any CPU
		{B8A72F8D-C67B-4661-A778-DBC359FB44FC}.Release|Any CPU.ActiveCfg = Release|Any CPU
		{B8A72F8D-C67B-4661-A778-DBC359FB44FC}.Release|Any CPU.Build.0 = Release|Any CPU
	EndGlobalSection
	GlobalSection(SolutionProperties) = preSolution
		HideSolutionNode = FALSE
	EndGlobalSection
	GlobalSection(ExtensibilityGlobals) = postSolution
		SolutionGuid = {A2125AEF-0347-4E8B-B275-C06892458E7B}
	EndGlobalSection
EndGlobal
